
Microsoft Visual Studio Solution File, Format Version 12.00
# Visual Studio Version 17
VisualStudioVersion = 17.4.33110.190
MinimumVisualStudioVersion = 10.0.40219.1
Project("{9A19103F-16F7-4668-BE54-9A1E7A4F7556}") = "backend", "backend.csproj", "{721300E2-7102-49C2-A30F-070B168BB6CB}"
EndProject
Project("{54A90642-561A-4BB1-A94E-469ADEE60C69}") = "frontend", "..\frontend\frontend.esproj", "{7DF95A6D-4947-4E65-897B-D69C7DF1F3C2}"
EndProject
Global
	GlobalSection(SolutionConfigurationPlatforms) = preSolution
		Debug|Any CPU = Debug|Any CPU
		Release|Any CPU = Release|Any CPU
	EndGlobalSection
	GlobalSection(ProjectConfigurationPlatforms) = postSolution
		{721300E2-7102-49C2-A30F-070B168BB6CB}.Debug|Any CPU.ActiveCfg = Debug|Any CPU
		{721300E2-7102-49C2-A30F-070B168BB6CB}.Debug|Any CPU.Build.0 = Debug|Any CPU
		{721300E2-7102-49C2-A30F-070B168BB6CB}.Release|Any CPU.ActiveCfg = Release|Any CPU
		{721300E2-7102-49C2-A30F-070B168BB6CB}.Release|Any CPU.Build.0 = Release|Any CPU
		{7DF95A6D-4947-4E65-897B-D69C7DF1F3C2}.Debug|Any CPU.ActiveCfg = Debug|Any CPU
		{7DF95A6D-4947-4E65-897B-D69C7DF1F3C2}.Debug|Any CPU.Build.0 = Debug|Any CPU
		{7DF95A6D-4947-4E65-897B-D69C7DF1F3C2}.Debug|Any CPU.Deploy.0 = Debug|Any CPU
		{7DF95A6D-4947-4E65-897B-D69C7DF1F3C2}.Release|Any CPU.ActiveCfg = Release|Any CPU
		{7DF95A6D-4947-4E65-897B-D69C7DF1F3C2}.Release|Any CPU.Build.0 = Release|Any CPU
		{7DF95A6D-4947-4E65-897B-D69C7DF1F3C2}.Release|Any CPU.Deploy.0 = Release|Any CPU
	EndGlobalSection
	GlobalSection(SolutionProperties) = preSolution
		HideSolutionNode = FALSE
	EndGlobalSection
	GlobalSection(ExtensibilityGlobals) = postSolution
		SolutionGuid = {8D18A7A7-DE14-496B-82FE-86B28E381894}
	EndGlobalSection
EndGlobal
